
Microsoft Visual Studio Solution File, Format Version 11.00
# Visual Studio 2010
Project("{FAE04EC0-301F-11D3-BF4B-00C04F79EFBC}") = "AstarPathfindingProject", "AstarPathfindingProject.csproj", "{6ac4fb20-1b7f-6623-95b5-b04a922dcae1}"
EndProject
Project("{FAE04EC0-301F-11D3-BF4B-00C04F79EFBC}") = "Assembly-CSharp", "Assembly-CSharp.csproj", "{4d94a400-938c-4a73-9d94-20aae6eeaf6b}"
EndProject
Project("{FAE04EC0-301F-11D3-BF4B-00C04F79EFBC}") = "AstarPathfindingProjectEditor", "AstarPathfindingProjectEditor.csproj", "{93040589-1ac3-aacc-4f67-f893bad1a35f}"
EndProject
Project("{FAE04EC0-301F-11D3-BF4B-00C04F79EFBC}") = "Assembly-CSharp-Editor", "Assembly-CSharp-Editor.csproj", "{bcc17852-1ba4-b5d9-97b8-9609e9933ca2}"
EndProject
Project("{FAE04EC0-301F-11D3-BF4B-00C04F79EFBC}") = "PackageToolsEditor", "PackageToolsEditor.csproj", "{6f24da28-c6ea-3523-314f-465bc6c05cdb}"
EndProject
Global
	GlobalSection(SolutionConfigurationPlatforms) = preSolution
		Debug|Any CPU = Debug|Any CPU
		Release|Any CPU = Release|Any CPU
	EndGlobalSection
	GlobalSection(ProjectConfigurationPlatforms) = postSolution
		{6ac4fb20-1b7f-6623-95b5-b04a922dcae1}.Debug|Any CPU.ActiveCfg = Debug|Any CPU
		{6ac4fb20-1b7f-6623-95b5-b04a922dcae1}.Debug|Any CPU.Build.0 = Debug|Any CPU
		{6ac4fb20-1b7f-6623-95b5-b04a922dcae1}.Release|Any CPU.ActiveCfg = Release|Any CPU
		{6ac4fb20-1b7f-6623-95b5-b04a922dcae1}.Release|Any CPU.Build.0 = Release|Any CPU
		{4d94a400-938c-4a73-9d94-20aae6eeaf6b}.Debug|Any CPU.ActiveCfg = Debug|Any CPU
		{4d94a400-938c-4a73-9d94-20aae6eeaf6b}.Debug|Any CPU.Build.0 = Debug|Any CPU
		{4d94a400-938c-4a73-9d94-20aae6eeaf6b}.Release|Any CPU.ActiveCfg = Release|Any CPU
		{4d94a400-938c-4a73-9d94-20aae6eeaf6b}.Release|Any CPU.Build.0 = Release|Any CPU
		{93040589-1ac3-aacc-4f67-f893bad1a35f}.Debug|Any CPU.ActiveCfg = Debug|Any CPU
		{93040589-1ac3-aacc-4f67-f893bad1a35f}.Debug|Any CPU.Build.0 = Debug|Any CPU
		{93040589-1ac3-aacc-4f67-f893bad1a35f}.Release|Any CPU.ActiveCfg = Release|Any CPU
		{93040589-1ac3-aacc-4f67-f893bad1a35f}.Release|Any CPU.Build.0 = Release|Any CPU
		{bcc17852-1ba4-b5d9-97b8-9609e9933ca2}.Debug|Any CPU.ActiveCfg = Debug|Any CPU
		{bcc17852-1ba4-b5d9-97b8-9609e9933ca2}.Debug|Any CPU.Build.0 = Debug|Any CPU
		{bcc17852-1ba4-b5d9-97b8-9609e9933ca2}.Release|Any CPU.ActiveCfg = Release|Any CPU
		{bcc17852-1ba4-b5d9-97b8-9609e9933ca2}.Release|Any CPU.Build.0 = Release|Any CPU
		{6f24da28-c6ea-3523-314f-465bc6c05cdb}.Debug|Any CPU.ActiveCfg = Debug|Any CPU
		{6f24da28-c6ea-3523-314f-465bc6c05cdb}.Debug|Any CPU.Build.0 = Debug|Any CPU
		{6f24da28-c6ea-3523-314f-465bc6c05cdb}.Release|Any CPU.ActiveCfg = Release|Any CPU
		{6f24da28-c6ea-3523-314f-465bc6c05cdb}.Release|Any CPU.Build.0 = Release|Any CPU
	EndGlobalSection
	GlobalSection(SolutionProperties) = preSolution
		HideSolutionNode = FALSE
	EndGlobalSection
EndGlobal
