
Microsoft Visual Studio Solution File, Format Version 11.00
# Visual Studio 2010
Project("{FAE04EC0-301F-11D3-BF4B-00C04F79EFBC}") = "AstarPathfindingProject", "AstarPathfindingProject.csproj", "{9108b457-136d-c950-cae8-637d2f95232b}"
EndProject
Project("{FAE04EC0-301F-11D3-BF4B-00C04F79EFBC}") = "Assembly-CSharp", "Assembly-CSharp.csproj", "{8d4443de-6cf7-a33c-b998-bd0263208066}"
EndProject
Project("{FAE04EC0-301F-11D3-BF4B-00C04F79EFBC}") = "AstarPathfindingProjectEditor", "AstarPathfindingProjectEditor.csproj", "{1b3c5f50-2d04-f8d6-f548-dc17cd5468c6}"
EndProject
Project("{FAE04EC0-301F-11D3-BF4B-00C04F79EFBC}") = "Assembly-CSharp-Editor", "Assembly-CSharp-Editor.csproj", "{a29b6541-0af6-6fa3-d3a3-30a81da36f27}"
EndProject
Project("{FAE04EC0-301F-11D3-BF4B-00C04F79EFBC}") = "PackageToolsEditor", "PackageToolsEditor.csproj", "{aa5bbf63-91ea-934c-7bd9-5b6ed7510b9a}"
EndProject
Global
	GlobalSection(SolutionConfigurationPlatforms) = preSolution
		Debug|Any CPU = Debug|Any CPU
		Release|Any CPU = Release|Any CPU
	EndGlobalSection
	GlobalSection(ProjectConfigurationPlatforms) = postSolution
		{9108b457-136d-c950-cae8-637d2f95232b}.Debug|Any CPU.ActiveCfg = Debug|Any CPU
		{9108b457-136d-c950-cae8-637d2f95232b}.Debug|Any CPU.Build.0 = Debug|Any CPU
		{9108b457-136d-c950-cae8-637d2f95232b}.Release|Any CPU.ActiveCfg = Release|Any CPU
		{9108b457-136d-c950-cae8-637d2f95232b}.Release|Any CPU.Build.0 = Release|Any CPU
		{8d4443de-6cf7-a33c-b998-bd0263208066}.Debug|Any CPU.ActiveCfg = Debug|Any CPU
		{8d4443de-6cf7-a33c-b998-bd0263208066}.Debug|Any CPU.Build.0 = Debug|Any CPU
		{8d4443de-6cf7-a33c-b998-bd0263208066}.Release|Any CPU.ActiveCfg = Release|Any CPU
		{8d4443de-6cf7-a33c-b998-bd0263208066}.Release|Any CPU.Build.0 = Release|Any CPU
		{1b3c5f50-2d04-f8d6-f548-dc17cd5468c6}.Debug|Any CPU.ActiveCfg = Debug|Any CPU
		{1b3c5f50-2d04-f8d6-f548-dc17cd5468c6}.Debug|Any CPU.Build.0 = Debug|Any CPU
		{1b3c5f50-2d04-f8d6-f548-dc17cd5468c6}.Release|Any CPU.ActiveCfg = Release|Any CPU
		{1b3c5f50-2d04-f8d6-f548-dc17cd5468c6}.Release|Any CPU.Build.0 = Release|Any CPU
		{a29b6541-0af6-6fa3-d3a3-30a81da36f27}.Debug|Any CPU.ActiveCfg = Debug|Any CPU
		{a29b6541-0af6-6fa3-d3a3-30a81da36f27}.Debug|Any CPU.Build.0 = Debug|Any CPU
		{a29b6541-0af6-6fa3-d3a3-30a81da36f27}.Release|Any CPU.ActiveCfg = Release|Any CPU
		{a29b6541-0af6-6fa3-d3a3-30a81da36f27}.Release|Any CPU.Build.0 = Release|Any CPU
		{aa5bbf63-91ea-934c-7bd9-5b6ed7510b9a}.Debug|Any CPU.ActiveCfg = Debug|Any CPU
		{aa5bbf63-91ea-934c-7bd9-5b6ed7510b9a}.Debug|Any CPU.Build.0 = Debug|Any CPU
		{aa5bbf63-91ea-934c-7bd9-5b6ed7510b9a}.Release|Any CPU.ActiveCfg = Release|Any CPU
		{aa5bbf63-91ea-934c-7bd9-5b6ed7510b9a}.Release|Any CPU.Build.0 = Release|Any CPU
	EndGlobalSection
	GlobalSection(SolutionProperties) = preSolution
		HideSolutionNode = FALSE
	EndGlobalSection
EndGlobal
